// !$*UTF8*$!
{
	archiveVersion = 1;
	classes = {
	};
	objectVersion = 56;
	objects = {

/* Begin PBXBuildFile section */
		3E41095B2BAC426C003DA93B /* FirebaseAuth in Frameworks */ = {isa = PBXBuildFile; productRef = 3E41095A2BAC426C003DA93B /* FirebaseAuth */; };
		3E41095F2BAC42DE003DA93B /* AuthenticationView.swift in Sources */ = {isa = PBXBuildFile; fileRef = 3E41095E2BAC42DE003DA93B /* AuthenticationView.swift */; };
		3E4109622BAC441E003DA93B /* SignInEmailView.swift in Sources */ = {isa = PBXBuildFile; fileRef = 3E4109612BAC441E003DA93B /* SignInEmailView.swift */; };
		3E4109662BAC478C003DA93B /* AuthenticationRepository.swift in Sources */ = {isa = PBXBuildFile; fileRef = 3E4109652BAC478C003DA93B /* AuthenticationRepository.swift */; };
		3E4109682BAC4C9F003DA93B /* RootView.swift in Sources */ = {isa = PBXBuildFile; fileRef = 3E4109672BAC4C9F003DA93B /* RootView.swift */; };
		3E41096B2BAC4EE8003DA93B /* SettingsView.swift in Sources */ = {isa = PBXBuildFile; fileRef = 3E41096A2BAC4EE8003DA93B /* SettingsView.swift */; };
		3E41096D2BAC80A9003DA93B /* GoogleService-Info.plist in Resources */ = {isa = PBXBuildFile; fileRef = 3E41096C2BAC80A9003DA93B /* GoogleService-Info.plist */; };
		3E4109752BAC8182003DA93B /* GoogleSignIn in Frameworks */ = {isa = PBXBuildFile; productRef = 3E4109742BAC8182003DA93B /* GoogleSignIn */; };
		3E4109772BAC8182003DA93B /* GoogleSignInSwift in Frameworks */ = {isa = PBXBuildFile; productRef = 3E4109762BAC8182003DA93B /* GoogleSignInSwift */; };
		3E41097B2BAC83CD003DA93B /* Utils.swift in Sources */ = {isa = PBXBuildFile; fileRef = 3E41097A2BAC83CD003DA93B /* Utils.swift */; };
		3E41097F2BAC8A7F003DA93B /* SignGoogleService.swift in Sources */ = {isa = PBXBuildFile; fileRef = 3E41097E2BAC8A7F003DA93B /* SignGoogleService.swift */; };
		3EA244662BAB4736002A82A3 /* PlaySentinelApp.swift in Sources */ = {isa = PBXBuildFile; fileRef = 3EA244652BAB4736002A82A3 /* PlaySentinelApp.swift */; };
		3EA2446A2BAB4738002A82A3 /* Assets.xcassets in Resources */ = {isa = PBXBuildFile; fileRef = 3EA244692BAB4738002A82A3 /* Assets.xcassets */; };
		3EA2446D2BAB4738002A82A3 /* Preview Assets.xcassets in Resources */ = {isa = PBXBuildFile; fileRef = 3EA2446C2BAB4738002A82A3 /* Preview Assets.xcassets */; };
		3EA244772BAB48E8002A82A3 /* FirebaseAnalytics in Frameworks */ = {isa = PBXBuildFile; productRef = 3EA244762BAB48E8002A82A3 /* FirebaseAnalytics */; };
		3EA244792BAB48E8002A82A3 /* FirebaseAnalyticsSwift in Frameworks */ = {isa = PBXBuildFile; productRef = 3EA244782BAB48E8002A82A3 /* FirebaseAnalyticsSwift */; };
/* End PBXBuildFile section */

/* Begin PBXFileReference section */
		3E41095E2BAC42DE003DA93B /* AuthenticationView.swift */ = {isa = PBXFileReference; lastKnownFileType = sourcecode.swift; path = AuthenticationView.swift; sourceTree = "<group>"; };
		3E4109612BAC441E003DA93B /* SignInEmailView.swift */ = {isa = PBXFileReference; lastKnownFileType = sourcecode.swift; path = SignInEmailView.swift; sourceTree = "<group>"; };
		3E4109652BAC478C003DA93B /* AuthenticationRepository.swift */ = {isa = PBXFileReference; lastKnownFileType = sourcecode.swift; path = AuthenticationRepository.swift; sourceTree = "<group>"; };
		3E4109672BAC4C9F003DA93B /* RootView.swift */ = {isa = PBXFileReference; lastKnownFileType = sourcecode.swift; path = RootView.swift; sourceTree = "<group>"; };
		3E41096A2BAC4EE8003DA93B /* SettingsView.swift */ = {isa = PBXFileReference; lastKnownFileType = sourcecode.swift; path = SettingsView.swift; sourceTree = "<group>"; };
		3E41096C2BAC80A9003DA93B /* GoogleService-Info.plist */ = {isa = PBXFileReference; fileEncoding = 4; lastKnownFileType = text.plist.xml; path = "GoogleService-Info.plist"; sourceTree = "<group>"; };
		3E4109782BAC81B4003DA93B /* Info.plist */ = {isa = PBXFileReference; lastKnownFileType = text.plist; path = Info.plist; sourceTree = "<group>"; };
		3E41097A2BAC83CD003DA93B /* Utils.swift */ = {isa = PBXFileReference; lastKnownFileType = sourcecode.swift; path = Utils.swift; sourceTree = "<group>"; };
		3E41097E2BAC8A7F003DA93B /* SignGoogleService.swift */ = {isa = PBXFileReference; lastKnownFileType = sourcecode.swift; path = SignGoogleService.swift; sourceTree = "<group>"; };
		3EA244622BAB4736002A82A3 /* PlaySentinel.app */ = {isa = PBXFileReference; explicitFileType = wrapper.application; includeInIndex = 0; path = PlaySentinel.app; sourceTree = BUILT_PRODUCTS_DIR; };
		3EA244652BAB4736002A82A3 /* PlaySentinelApp.swift */ = {isa = PBXFileReference; lastKnownFileType = sourcecode.swift; path = PlaySentinelApp.swift; sourceTree = "<group>"; };
		3EA244692BAB4738002A82A3 /* Assets.xcassets */ = {isa = PBXFileReference; lastKnownFileType = folder.assetcatalog; path = Assets.xcassets; sourceTree = "<group>"; };
		3EA2446C2BAB4738002A82A3 /* Preview Assets.xcassets */ = {isa = PBXFileReference; lastKnownFileType = folder.assetcatalog; path = "Preview Assets.xcassets"; sourceTree = "<group>"; };
/* End PBXFileReference section */

/* Begin PBXFrameworksBuildPhase section */
		3EA2445F2BAB4736002A82A3 /* Frameworks */ = {
			isa = PBXFrameworksBuildPhase;
			buildActionMask = 2147483647;
			files = (
				3E4109772BAC8182003DA93B /* GoogleSignInSwift in Frameworks */,
				3EA244792BAB48E8002A82A3 /* FirebaseAnalyticsSwift in Frameworks */,
				3E4109752BAC8182003DA93B /* GoogleSignIn in Frameworks */,
				3E41095B2BAC426C003DA93B /* FirebaseAuth in Frameworks */,
				3EA244772BAB48E8002A82A3 /* FirebaseAnalytics in Frameworks */,
			);
			runOnlyForDeploymentPostprocessing = 0;
		};
/* End PBXFrameworksBuildPhase section */

/* Begin PBXGroup section */
		3E4109592BAC426C003DA93B /* Frameworks */ = {
			isa = PBXGroup;
			children = (
			);
			name = Frameworks;
			sourceTree = "<group>";
		};
		3E41095C2BAC42C1003DA93B /* Feature */ = {
			isa = PBXGroup;
			children = (
				3E4109632BAC4761003DA93B /* Data */,
				3E41095D2BAC42C7003DA93B /* View */,
			);
			path = Feature;
			sourceTree = "<group>";
		};
		3E41095D2BAC42C7003DA93B /* View */ = {
			isa = PBXGroup;
			children = (
				3E4109692BAC4ED6003DA93B /* Settings */,
				3E4109602BAC440D003DA93B /* Auth */,
				3E4109672BAC4C9F003DA93B /* RootView.swift */,
			);
			path = View;
			sourceTree = "<group>";
		};
		3E4109602BAC440D003DA93B /* Auth */ = {
			isa = PBXGroup;
			children = (
				3E41095E2BAC42DE003DA93B /* AuthenticationView.swift */,
				3E4109612BAC441E003DA93B /* SignInEmailView.swift */,
			);
			path = Auth;
			sourceTree = "<group>";
		};
		3E4109632BAC4761003DA93B /* Data */ = {
			isa = PBXGroup;
			children = (
				3E41097C2BAC8A55003DA93B /* Service */,
				3E4109642BAC477D003DA93B /* Repository */,
			);
			path = Data;
			sourceTree = "<group>";
		};
		3E4109642BAC477D003DA93B /* Repository */ = {
			isa = PBXGroup;
			children = (
				3E4109652BAC478C003DA93B /* AuthenticationRepository.swift */,
			);
			path = Repository;
			sourceTree = "<group>";
		};
		3E4109692BAC4ED6003DA93B /* Settings */ = {
			isa = PBXGroup;
			children = (
				3E41096A2BAC4EE8003DA93B /* SettingsView.swift */,
			);
			path = Settings;
			sourceTree = "<group>";
		};
		3E4109792BAC83BA003DA93B /* Utils */ = {
			isa = PBXGroup;
			children = (
				3E41097A2BAC83CD003DA93B /* Utils.swift */,
			);
			path = Utils;
			sourceTree = "<group>";
		};
		3E41097C2BAC8A55003DA93B /* Service */ = {
			isa = PBXGroup;
			children = (
				3E41097E2BAC8A7F003DA93B /* SignGoogleService.swift */,
			);
			path = Service;
			sourceTree = "<group>";
		};
		3EA244592BAB4736002A82A3 = {
			isa = PBXGroup;
			children = (
				3EA244642BAB4736002A82A3 /* PlaySentinel */,
				3EA244632BAB4736002A82A3 /* Products */,
				3E4109592BAC426C003DA93B /* Frameworks */,
			);
			sourceTree = "<group>";
		};
		3EA244632BAB4736002A82A3 /* Products */ = {
			isa = PBXGroup;
			children = (
				3EA244622BAB4736002A82A3 /* PlaySentinel.app */,
			);
			name = Products;
			sourceTree = "<group>";
		};
		3EA244642BAB4736002A82A3 /* PlaySentinel */ = {
			isa = PBXGroup;
			children = (
				3E4109792BAC83BA003DA93B /* Utils */,
				3E4109782BAC81B4003DA93B /* Info.plist */,
				3E41095C2BAC42C1003DA93B /* Feature */,
				3EA244652BAB4736002A82A3 /* PlaySentinelApp.swift */,
				3E41096C2BAC80A9003DA93B /* GoogleService-Info.plist */,
				3EA244692BAB4738002A82A3 /* Assets.xcassets */,
				3EA2446B2BAB4738002A82A3 /* Preview Content */,
			);
			path = PlaySentinel;
			sourceTree = "<group>";
		};
		3EA2446B2BAB4738002A82A3 /* Preview Content */ = {
			isa = PBXGroup;
			children = (
				3EA2446C2BAB4738002A82A3 /* Preview Assets.xcassets */,
			);
			path = "Preview Content";
			sourceTree = "<group>";
		};
/* End PBXGroup section */

/* Begin PBXNativeTarget section */
		3EA244612BAB4736002A82A3 /* PlaySentinel */ = {
			isa = PBXNativeTarget;
			buildConfigurationList = 3EA244702BAB4738002A82A3 /* Build configuration list for PBXNativeTarget "PlaySentinel" */;
			buildPhases = (
				3EA2445E2BAB4736002A82A3 /* Sources */,
				3EA2445F2BAB4736002A82A3 /* Frameworks */,
				3EA244602BAB4736002A82A3 /* Resources */,
			);
			buildRules = (
			);
			dependencies = (
			);
			name = PlaySentinel;
			packageProductDependencies = (
				3EA244762BAB48E8002A82A3 /* FirebaseAnalytics */,
				3EA244782BAB48E8002A82A3 /* FirebaseAnalyticsSwift */,
				3E41095A2BAC426C003DA93B /* FirebaseAuth */,
				3E4109742BAC8182003DA93B /* GoogleSignIn */,
				3E4109762BAC8182003DA93B /* GoogleSignInSwift */,
			);
			productName = PlaySentinel;
			productReference = 3EA244622BAB4736002A82A3 /* PlaySentinel.app */;
			productType = "com.apple.product-type.application";
		};
/* End PBXNativeTarget section */

/* Begin PBXProject section */
		3EA2445A2BAB4736002A82A3 /* Project object */ = {
			isa = PBXProject;
			attributes = {
				BuildIndependentTargetsInParallel = 1;
				LastSwiftUpdateCheck = 1530;
				LastUpgradeCheck = 1530;
				TargetAttributes = {
					3EA244612BAB4736002A82A3 = {
						CreatedOnToolsVersion = 15.3;
					};
				};
			};
			buildConfigurationList = 3EA2445D2BAB4736002A82A3 /* Build configuration list for PBXProject "PlaySentinel" */;
			compatibilityVersion = "Xcode 14.0";
			developmentRegion = en;
			hasScannedForEncodings = 0;
			knownRegions = (
				en,
				Base,
			);
			mainGroup = 3EA244592BAB4736002A82A3;
			packageReferences = (
				3EA244752BAB48E8002A82A3 /* XCRemoteSwiftPackageReference "firebase-ios-sdk" */,
				3E4109732BAC8182003DA93B /* XCRemoteSwiftPackageReference "GoogleSignIn-iOS" */,
			);
			productRefGroup = 3EA244632BAB4736002A82A3 /* Products */;
			projectDirPath = "";
			projectRoot = "";
			targets = (
				3EA244612BAB4736002A82A3 /* PlaySentinel */,
			);
		};
/* End PBXProject section */

/* Begin PBXResourcesBuildPhase section */
		3EA244602BAB4736002A82A3 /* Resources */ = {
			isa = PBXResourcesBuildPhase;
			buildActionMask = 2147483647;
			files = (
				3EA2446D2BAB4738002A82A3 /* Preview Assets.xcassets in Resources */,
				3EA2446A2BAB4738002A82A3 /* Assets.xcassets in Resources */,
				3E41096D2BAC80A9003DA93B /* GoogleService-Info.plist in Resources */,
			);
			runOnlyForDeploymentPostprocessing = 0;
		};
/* End PBXResourcesBuildPhase section */

/* Begin PBXSourcesBuildPhase section */
		3EA2445E2BAB4736002A82A3 /* Sources */ = {
			isa = PBXSourcesBuildPhase;
			buildActionMask = 2147483647;
			files = (
				3E41096B2BAC4EE8003DA93B /* SettingsView.swift in Sources */,
				3E41097F2BAC8A7F003DA93B /* SignGoogleService.swift in Sources */,
				3EA244662BAB4736002A82A3 /* PlaySentinelApp.swift in Sources */,
				3E4109682BAC4C9F003DA93B /* RootView.swift in Sources */,
				3E41095F2BAC42DE003DA93B /* AuthenticationView.swift in Sources */,
				3E4109662BAC478C003DA93B /* AuthenticationRepository.swift in Sources */,
				3E4109622BAC441E003DA93B /* SignInEmailView.swift in Sources */,
				3E41097B2BAC83CD003DA93B /* Utils.swift in Sources */,
			);
			runOnlyForDeploymentPostprocessing = 0;
		};
/* End PBXSourcesBuildPhase section */

/* Begin XCBuildConfiguration section */
		3EA2446E2BAB4738002A82A3 /* Debug */ = {
			isa = XCBuildConfiguration;
			buildSettings = {
				ALWAYS_SEARCH_USER_PATHS = NO;
				ASSETCATALOG_COMPILER_GENERATE_SWIFT_ASSET_SYMBOL_EXTENSIONS = YES;
				CLANG_ANALYZER_NONNULL = YES;
				CLANG_ANALYZER_NUMBER_OBJECT_CONVERSION = YES_AGGRESSIVE;
				CLANG_CXX_LANGUAGE_STANDARD = "gnu++20";
				CLANG_ENABLE_MODULES = YES;
				CLANG_ENABLE_OBJC_ARC = YES;
				CLANG_ENABLE_OBJC_WEAK = YES;
				CLANG_WARN_BLOCK_CAPTURE_AUTORELEASING = YES;
				CLANG_WARN_BOOL_CONVERSION = YES;
				CLANG_WARN_COMMA = YES;
				CLANG_WARN_CONSTANT_CONVERSION = YES;
				CLANG_WARN_DEPRECATED_OBJC_IMPLEMENTATIONS = YES;
				CLANG_WARN_DIRECT_OBJC_ISA_USAGE = YES_ERROR;
				CLANG_WARN_DOCUMENTATION_COMMENTS = YES;
				CLANG_WARN_EMPTY_BODY = YES;
				CLANG_WARN_ENUM_CONVERSION = YES;
				CLANG_WARN_INFINITE_RECURSION = YES;
				CLANG_WARN_INT_CONVERSION = YES;
				CLANG_WARN_NON_LITERAL_NULL_CONVERSION = YES;
				CLANG_WARN_OBJC_IMPLICIT_RETAIN_SELF = YES;
				CLANG_WARN_OBJC_LITERAL_CONVERSION = YES;
				CLANG_WARN_OBJC_ROOT_CLASS = YES_ERROR;
				CLANG_WARN_QUOTED_INCLUDE_IN_FRAMEWORK_HEADER = YES;
				CLANG_WARN_RANGE_LOOP_ANALYSIS = YES;
				CLANG_WARN_STRICT_PROTOTYPES = YES;
				CLANG_WARN_SUSPICIOUS_MOVE = YES;
				CLANG_WARN_UNGUARDED_AVAILABILITY = YES_AGGRESSIVE;
				CLANG_WARN_UNREACHABLE_CODE = YES;
				CLANG_WARN__DUPLICATE_METHOD_MATCH = YES;
				COPY_PHASE_STRIP = NO;
				DEBUG_INFORMATION_FORMAT = dwarf;
				ENABLE_STRICT_OBJC_MSGSEND = YES;
				ENABLE_TESTABILITY = YES;
				ENABLE_USER_SCRIPT_SANDBOXING = YES;
				GCC_C_LANGUAGE_STANDARD = gnu17;
				GCC_DYNAMIC_NO_PIC = NO;
				GCC_NO_COMMON_BLOCKS = YES;
				GCC_OPTIMIZATION_LEVEL = 0;
				GCC_PREPROCESSOR_DEFINITIONS = (
					"DEBUG=1",
					"$(inherited)",
				);
				GCC_WARN_64_TO_32_BIT_CONVERSION = YES;
				GCC_WARN_ABOUT_RETURN_TYPE = YES_ERROR;
				GCC_WARN_UNDECLARED_SELECTOR = YES;
				GCC_WARN_UNINITIALIZED_AUTOS = YES_AGGRESSIVE;
				GCC_WARN_UNUSED_FUNCTION = YES;
				GCC_WARN_UNUSED_VARIABLE = YES;
				IPHONEOS_DEPLOYMENT_TARGET = 17.4;
				LOCALIZATION_PREFERS_STRING_CATALOGS = YES;
				MTL_ENABLE_DEBUG_INFO = INCLUDE_SOURCE;
				MTL_FAST_MATH = YES;
				ONLY_ACTIVE_ARCH = YES;
				SDKROOT = iphoneos;
				SWIFT_ACTIVE_COMPILATION_CONDITIONS = "DEBUG $(inherited)";
				SWIFT_OPTIMIZATION_LEVEL = "-Onone";
			};
			name = Debug;
		};
		3EA2446F2BAB4738002A82A3 /* Release */ = {
			isa = XCBuildConfiguration;
			buildSettings = {
				ALWAYS_SEARCH_USER_PATHS = NO;
				ASSETCATALOG_COMPILER_GENERATE_SWIFT_ASSET_SYMBOL_EXTENSIONS = YES;
				CLANG_ANALYZER_NONNULL = YES;
				CLANG_ANALYZER_NUMBER_OBJECT_CONVERSION = YES_AGGRESSIVE;
				CLANG_CXX_LANGUAGE_STANDARD = "gnu++20";
				CLANG_ENABLE_MODULES = YES;
				CLANG_ENABLE_OBJC_ARC = YES;
				CLANG_ENABLE_OBJC_WEAK = YES;
				CLANG_WARN_BLOCK_CAPTURE_AUTORELEASING = YES;
				CLANG_WARN_BOOL_CONVERSION = YES;
				CLANG_WARN_COMMA = YES;
				CLANG_WARN_CONSTANT_CONVERSION = YES;
				CLANG_WARN_DEPRECATED_OBJC_IMPLEMENTATIONS = YES;
				CLANG_WARN_DIRECT_OBJC_ISA_USAGE = YES_ERROR;
				CLANG_WARN_DOCUMENTATION_COMMENTS = YES;
				CLANG_WARN_EMPTY_BODY = YES;
				CLANG_WARN_ENUM_CONVERSION = YES;
				CLANG_WARN_INFINITE_RECURSION = YES;
				CLANG_WARN_INT_CONVERSION = YES;
				CLANG_WARN_NON_LITERAL_NULL_CONVERSION = YES;
				CLANG_WARN_OBJC_IMPLICIT_RETAIN_SELF = YES;
				CLANG_WARN_OBJC_LITERAL_CONVERSION = YES;
				CLANG_WARN_OBJC_ROOT_CLASS = YES_ERROR;
				CLANG_WARN_QUOTED_INCLUDE_IN_FRAMEWORK_HEADER = YES;
				CLANG_WARN_RANGE_LOOP_ANALYSIS = YES;
				CLANG_WARN_STRICT_PROTOTYPES = YES;
				CLANG_WARN_SUSPICIOUS_MOVE = YES;
				CLANG_WARN_UNGUARDED_AVAILABILITY = YES_AGGRESSIVE;
				CLANG_WARN_UNREACHABLE_CODE = YES;
				CLANG_WARN__DUPLICATE_METHOD_MATCH = YES;
				COPY_PHASE_STRIP = NO;
				DEBUG_INFORMATION_FORMAT = "dwarf-with-dsym";
				ENABLE_NS_ASSERTIONS = NO;
				ENABLE_STRICT_OBJC_MSGSEND = YES;
				ENABLE_USER_SCRIPT_SANDBOXING = YES;
				GCC_C_LANGUAGE_STANDARD = gnu17;
				GCC_NO_COMMON_BLOCKS = YES;
				GCC_WARN_64_TO_32_BIT_CONVERSION = YES;
				GCC_WARN_ABOUT_RETURN_TYPE = YES_ERROR;
				GCC_WARN_UNDECLARED_SELECTOR = YES;
				GCC_WARN_UNINITIALIZED_AUTOS = YES_AGGRESSIVE;
				GCC_WARN_UNUSED_FUNCTION = YES;
				GCC_WARN_UNUSED_VARIABLE = YES;
				IPHONEOS_DEPLOYMENT_TARGET = 17.4;
				LOCALIZATION_PREFERS_STRING_CATALOGS = YES;
				MTL_ENABLE_DEBUG_INFO = NO;
				MTL_FAST_MATH = YES;
				SDKROOT = iphoneos;
				SWIFT_COMPILATION_MODE = wholemodule;
				VALIDATE_PRODUCT = YES;
			};
			name = Release;
		};
		3EA244712BAB4738002A82A3 /* Debug */ = {
			isa = XCBuildConfiguration;
			buildSettings = {
				ASSETCATALOG_COMPILER_APPICON_NAME = AppIcon;
				ASSETCATALOG_COMPILER_GLOBAL_ACCENT_COLOR_NAME = AccentColor;
				CODE_SIGN_STYLE = Automatic;
				CURRENT_PROJECT_VERSION = 1;
				DEVELOPMENT_ASSET_PATHS = "\"PlaySentinel/Preview Content\"";
				DEVELOPMENT_TEAM = MNDTGNCBP9;
				ENABLE_PREVIEWS = YES;
				GENERATE_INFOPLIST_FILE = YES;
				INFOPLIST_FILE = PlaySentinel/Info.plist;
				INFOPLIST_KEY_LSApplicationCategoryType = "";
				INFOPLIST_KEY_UIApplicationSceneManifest_Generation = YES;
				INFOPLIST_KEY_UIApplicationSupportsIndirectInputEvents = YES;
				INFOPLIST_KEY_UILaunchScreen_Generation = YES;
				INFOPLIST_KEY_UISupportedInterfaceOrientations_iPad = "UIInterfaceOrientationPortrait UIInterfaceOrientationPortraitUpsideDown UIInterfaceOrientationLandscapeLeft UIInterfaceOrientationLandscapeRight";
				INFOPLIST_KEY_UISupportedInterfaceOrientations_iPhone = "UIInterfaceOrientationPortrait UIInterfaceOrientationLandscapeLeft UIInterfaceOrientationLandscapeRight";
				LD_RUNPATH_SEARCH_PATHS = (
					"$(inherited)",
					"@executable_path/Frameworks",
				);
				MARKETING_VERSION = 1.0;
				PRODUCT_BUNDLE_IDENTIFIER = com.mikhailov.PlaySentinel;
				PRODUCT_NAME = "$(TARGET_NAME)";
				SWIFT_EMIT_LOC_STRINGS = YES;
				SWIFT_VERSION = 5.0;
				TARGETED_DEVICE_FAMILY = "1,2";
			};
			name = Debug;
		};
		3EA244722BAB4738002A82A3 /* Release */ = {
			isa = XCBuildConfiguration;
			buildSettings = {
				ASSETCATALOG_COMPILER_APPICON_NAME = AppIcon;
				ASSETCATALOG_COMPILER_GLOBAL_ACCENT_COLOR_NAME = AccentColor;
				CODE_SIGN_STYLE = Automatic;
				CURRENT_PROJECT_VERSION = 1;
				DEVELOPMENT_ASSET_PATHS = "\"PlaySentinel/Preview Content\"";
				DEVELOPMENT_TEAM = MNDTGNCBP9;
				ENABLE_PREVIEWS = YES;
				GENERATE_INFOPLIST_FILE = YES;
				INFOPLIST_FILE = PlaySentinel/Info.plist;
				INFOPLIST_KEY_LSApplicationCategoryType = "";
				INFOPLIST_KEY_UIApplicationSceneManifest_Generation = YES;
				INFOPLIST_KEY_UIApplicationSupportsIndirectInputEvents = YES;
				INFOPLIST_KEY_UILaunchScreen_Generation = YES;
				INFOPLIST_KEY_UISupportedInterfaceOrientations_iPad = "UIInterfaceOrientationPortrait UIInterfaceOrientationPortraitUpsideDown UIInterfaceOrientationLandscapeLeft UIInterfaceOrientationLandscapeRight";
				INFOPLIST_KEY_UISupportedInterfaceOrientations_iPhone = "UIInterfaceOrientationPortrait UIInterfaceOrientationLandscapeLeft UIInterfaceOrientationLandscapeRight";
				LD_RUNPATH_SEARCH_PATHS = (
					"$(inherited)",
					"@executable_path/Frameworks",
				);
				MARKETING_VERSION = 1.0;
				PRODUCT_BUNDLE_IDENTIFIER = com.mikhailov.PlaySentinel;
				PRODUCT_NAME = "$(TARGET_NAME)";
				SWIFT_EMIT_LOC_STRINGS = YES;
				SWIFT_VERSION = 5.0;
				TARGETED_DEVICE_FAMILY = "1,2";
			};
			name = Release;
		};
/* End XCBuildConfiguration section */

/* Begin XCConfigurationList section */
		3EA2445D2BAB4736002A82A3 /* Build configuration list for PBXProject "PlaySentinel" */ = {
			isa = XCConfigurationList;
			buildConfigurations = (
				3EA2446E2BAB4738002A82A3 /* Debug */,
				3EA2446F2BAB4738002A82A3 /* Release */,
			);
			defaultConfigurationIsVisible = 0;
			defaultConfigurationName = Release;
		};
		3EA244702BAB4738002A82A3 /* Build configuration list for PBXNativeTarget "PlaySentinel" */ = {
			isa = XCConfigurationList;
			buildConfigurations = (
				3EA244712BAB4738002A82A3 /* Debug */,
				3EA244722BAB4738002A82A3 /* Release */,
			);
			defaultConfigurationIsVisible = 0;
			defaultConfigurationName = Release;
		};
/* End XCConfigurationList section */

/* Begin XCRemoteSwiftPackageReference section */
		3E4109732BAC8182003DA93B /* XCRemoteSwiftPackageReference "GoogleSignIn-iOS" */ = {
			isa = XCRemoteSwiftPackageReference;
			repositoryURL = "https://github.com/google/GoogleSignIn-iOS.git";
			requirement = {
				kind = upToNextMajorVersion;
				minimumVersion = 7.0.0;
			};
		};
		3EA244752BAB48E8002A82A3 /* XCRemoteSwiftPackageReference "firebase-ios-sdk" */ = {
			isa = XCRemoteSwiftPackageReference;
			repositoryURL = "https://github.com/firebase/firebase-ios-sdk.git";
			requirement = {
				kind = upToNextMajorVersion;
				minimumVersion = 10.23.0;
			};
		};
/* End XCRemoteSwiftPackageReference section */

/* Begin XCSwiftPackageProductDependency section */
		3E41095A2BAC426C003DA93B /* FirebaseAuth */ = {
			isa = XCSwiftPackageProductDependency;
			package = 3EA244752BAB48E8002A82A3 /* XCRemoteSwiftPackageReference "firebase-ios-sdk" */;
			productName = FirebaseAuth;
		};
		3E4109742BAC8182003DA93B /* GoogleSignIn */ = {
			isa = XCSwiftPackageProductDependency;
			package = 3E4109732BAC8182003DA93B /* XCRemoteSwiftPackageReference "GoogleSignIn-iOS" */;
			productName = GoogleSignIn;
		};
		3E4109762BAC8182003DA93B /* GoogleSignInSwift */ = {
			isa = XCSwiftPackageProductDependency;
			package = 3E4109732BAC8182003DA93B /* XCRemoteSwiftPackageReference "GoogleSignIn-iOS" */;
			productName = GoogleSignInSwift;
		};
		3EA244762BAB48E8002A82A3 /* FirebaseAnalytics */ = {
			isa = XCSwiftPackageProductDependency;
			package = 3EA244752BAB48E8002A82A3 /* XCRemoteSwiftPackageReference "firebase-ios-sdk" */;
			productName = FirebaseAnalytics;
		};
		3EA244782BAB48E8002A82A3 /* FirebaseAnalyticsSwift */ = {
			isa = XCSwiftPackageProductDependency;
			package = 3EA244752BAB48E8002A82A3 /* XCRemoteSwiftPackageReference "firebase-ios-sdk" */;
			productName = FirebaseAnalyticsSwift;
		};
/* End XCSwiftPackageProductDependency section */
	};
	rootObject = 3EA2445A2BAB4736002A82A3 /* Project object */;
}
